
Microsoft Visual Studio Solution File, Format Version 12.00
# Visual Studio Version 16
VisualStudioVersion = 16.0.32002.261
MinimumVisualStudioVersion = 10.0.40219.1
Project("{FAE04EC0-301F-11D3-BF4B-00C04F79EFBC}") = "Arkansas Armory", "Arkansas Armory\Arkansas Armory.csproj", "{CFB34DBD-EA16-4750-826E-5ECB2AFE3BA7}"
EndProject
Global
	GlobalSection(SolutionConfigurationPlatforms) = preSolution
		Debug|Any CPU = Debug|Any CPU
		Release|Any CPU = Release|Any CPU
	EndGlobalSection
	GlobalSection(ProjectConfigurationPlatforms) = postSolution
		{CFB34DBD-EA16-4750-826E-5ECB2AFE3BA7}.Debug|Any CPU.ActiveCfg = Debug|Any CPU
		{CFB34DBD-EA16-4750-826E-5ECB2AFE3BA7}.Debug|Any CPU.Build.0 = Debug|Any CPU
		{CFB34DBD-EA16-4750-826E-5ECB2AFE3BA7}.Release|Any CPU.ActiveCfg = Release|Any CPU
		{CFB34DBD-EA16-4750-826E-5ECB2AFE3BA7}.Release|Any CPU.Build.0 = Release|Any CPU
	EndGlobalSection
	GlobalSection(SolutionProperties) = preSolution
		HideSolutionNode = FALSE
	EndGlobalSection
	GlobalSection(ExtensibilityGlobals) = postSolution
		SolutionGuid = {89C3D8DE-F5EA-47ED-B834-FEC33F5CBE74}
	EndGlobalSection
EndGlobal
